
Microsoft Visual Studio Solution File, Format Version 12.00
# Visual Studio Version 16
VisualStudioVersion = 16.0.30114.105
MinimumVisualStudioVersion = 10.0.40219.1
Project("{FAE04EC0-301F-11D3-BF4B-00C04F79EFBC}") = "TesteSolution02.ConsoleApp", "TesteSolution02.ConsoleApp\TesteSolution02.ConsoleApp.csproj", "{C1E21B7A-734B-4693-A387-A04B417838F0}"
EndProject
Project("{FAE04EC0-301F-11D3-BF4B-00C04F79EFBC}") = "TesteSolution02.Infra.Data", "TesteSolution02.Infra.Data\TesteSolution02.Infra.Data.csproj", "{9E9775A1-DA62-4391-9B96-B82425109163}"
EndProject
Project("{FAE04EC0-301F-11D3-BF4B-00C04F79EFBC}") = "TesteSolution02.Domain", "TesteSolution02.Domain\TesteSolution02.Domain.csproj", "{AF5D65B4-3906-4094-927D-2776036B026E}"
EndProject
Global
	GlobalSection(SolutionConfigurationPlatforms) = preSolution
		Debug|Any CPU = Debug|Any CPU
		Release|Any CPU = Release|Any CPU
	EndGlobalSection
	GlobalSection(SolutionProperties) = preSolution
		HideSolutionNode = FALSE
	EndGlobalSection
	GlobalSection(ProjectConfigurationPlatforms) = postSolution
		{C1E21B7A-734B-4693-A387-A04B417838F0}.Debug|Any CPU.ActiveCfg = Debug|Any CPU
		{C1E21B7A-734B-4693-A387-A04B417838F0}.Debug|Any CPU.Build.0 = Debug|Any CPU
		{C1E21B7A-734B-4693-A387-A04B417838F0}.Release|Any CPU.ActiveCfg = Release|Any CPU
		{C1E21B7A-734B-4693-A387-A04B417838F0}.Release|Any CPU.Build.0 = Release|Any CPU
		{9E9775A1-DA62-4391-9B96-B82425109163}.Debug|Any CPU.ActiveCfg = Debug|Any CPU
		{9E9775A1-DA62-4391-9B96-B82425109163}.Debug|Any CPU.Build.0 = Debug|Any CPU
		{9E9775A1-DA62-4391-9B96-B82425109163}.Release|Any CPU.ActiveCfg = Release|Any CPU
		{9E9775A1-DA62-4391-9B96-B82425109163}.Release|Any CPU.Build.0 = Release|Any CPU
		{AF5D65B4-3906-4094-927D-2776036B026E}.Debug|Any CPU.ActiveCfg = Debug|Any CPU
		{AF5D65B4-3906-4094-927D-2776036B026E}.Debug|Any CPU.Build.0 = Debug|Any CPU
		{AF5D65B4-3906-4094-927D-2776036B026E}.Release|Any CPU.ActiveCfg = Release|Any CPU
		{AF5D65B4-3906-4094-927D-2776036B026E}.Release|Any CPU.Build.0 = Release|Any CPU
	EndGlobalSection
EndGlobal
